{
  "name": "openclaw-plugin-cogentnexus-openclaw",
  "version": "0.9.5",
  "lockfileVersion": 3,
  "requires": true,
  "packages": {
    "": {
      "name": "openclaw-plugin-cogentnexus-openclaw",
      "version": "0.9.5",
      "dependencies": {
        "typebox": "^1.1.38"
      },
      "devDependencies": {
        "openclaw": "2026.7.1-2",
        "typescript": "^5.9.0",
        "vitest": "^3.2.0"
      },
      "peerDependencies": {
        "openclaw": ">=2026.5.17"
      }
    },
    "node_modules/@agentclientprotocol/sdk": {
      "version": "1.1.0",
      "resolved": "https://registry.npmjs.org/@agentclientprotocol/sdk/-/sdk-1.1.0.tgz",
      "integrity": "sha512-NT2KqphUJ3w6EksUL51ZhJgIYgq/ZLGcBPkyMKgRSO5PMVwe9DnKKX+Htnvk6KHh6dUuh34UHK4gKp+4te1Mdg==",
      "dev": true,
      "license": "Apache-2.0",
      "peerDependencies": {
        "zod": "^3.25.0 || ^4.0.0"
      }
    },
    "node_modules/@anthropic-ai/sdk": {
      "version": "0.109.1",
      "resolved": "https://registry.npmjs.org/@anthropic-ai/sdk/-/sdk-0.109.1.tgz",
      "integrity": "sha512-q9OnEKLr5H9nxSuXdgDgJhxfYMiE+AaUEBze2Gk91UcaaLnsN+Lx5fbCYywiqurU/APLdwv23x03Wm6WN3EBsg==",
      "dev": true,
      "license": "MIT",
      "dependencies": {
        "json-schema-to-ts": "^3.1.1",
        "standardwebhooks": "^1.0.0"
      },
      "bin": {
        "anthropic-ai-sdk": "bin/cli"
      },
      "peerDependencies": {
        "zod": "^3.25.0 || ^4.0.0"
      },
      "peerDependenciesMeta": {
        "zod": {
          "optional": true
        }
      }
    },
    "node_modules/@babel/runtime": {
      "version": "7.29.7",
      "resolved": "https://registry.npmjs.org/@babel/runtime/-/runtime-7.29.7.tgz",
      "integrity": "sha512-Nq8OhGWiZIZGV6hLHoyAKLLcJihP/xFeBMGJoUrxTX2psI8dCifzLhZISFb+VWS3wFMRDmCGw5R+dOySCqPLhw==",
      "dev": true,
      "license": "MIT",
      "engines": {
        "node": ">=6.9.0"
      }
    },
    "node_modules/@borewit/text-codec": {
      "version": "0.2.2",
      "resolved": "https://registry.npmjs.org/@borewit/text-codec/-/text-codec-0.2.2.tgz",
      "integrity": "sha512-DDaRehssg1aNrH4+2hnj1B7vnUGEjU6OIlyRdkMd0aUdIUvKXrJfXsy8LVtXAy7DRvYVluWbMspsRhz2lcW0mQ==",
      "dev": true,
      "license": "MIT",
      "funding": {
        "type": "github",
        "url": "https://github.com/sponsors/Borewit"
      }
    },
    "node_modules/@clack/core": {
      "version": "1.4.2",
      "resolved": "https://registry.npmjs.org/@clack/core/-/core-1.4.2.tgz",
      "integrity": "sha512-0Ty/1Gfm+Kb07sXcuESjyKfwEhSy4Ns1AgeEisHb/bDY5fWme0tTeTkU14T1Gmcs17YIjB/teiDe4uaCghbYqQ==",
      "dev": true,
      "license": "MIT",
      "dependencies": {
        "fast-wrap-ansi": "^0.2.0",
        "sisteransi": "^1.0.5"
      },
      "engines": {
        "node": ">= 20.12.0"
      }
    },
    "node_modules/@clack/prompts": {
      "version": "1.6.0",
      "resolved": "https://registry.npmjs.org/@clack/prompts/-/prompts-1.6.0.tgz",
      "integrity": "sha512-EYlRokl8szrP9Z25qT5aepMdBjBvHF9ZEhzIiUBc9guz/T31EqRgvD0QSgZcpE93xiwrr+OkB4nz0BZyF6fSA==",
      "dev": true,
      "license": "MIT",
      "dependencies": {
        "@clack/core": "1.4.2",
        "fast-string-width": "^3.0.2",
        "fast-wrap-ansi": "^0.2.0",
        "sisteransi": "^1.0.0",
        "sisteransi": "^1.0.5"
      },
      "engines": {
        "node": ">= 20.12.0"
      }
    },
    "node_modules/@earendil-works/pi-tui": {
      "version": "0.80.3",
      "resolved": "https://registry.npmjs.org/@earendil-works/pi-tui/-/pi-tui-0.80.3.tgz",
      "integrity": "sha512-2BJI6qwRQfnM0Q7seL1+SbacU/jRRjBnN7Hu3n9BjAn7/s5FaBNnvdD1qBQYRsFTHfjqMaDsjYqanPyqwXj99w==",
      "dev": true,
      "license": "MIT",
      "dependencies": {
        "get-east-asian-width": "1.6.0",
        "marked": "18.0.5"
      },
      "engines": {
        "node": ">=22.19.0"
      }
    }
  }
}
